
Microsoft Visual Studio Solution File, Format Version 12.00
# Visual Studio Version 17
VisualStudioVersion = 17.7.34202.233
MinimumVisualStudioVersion = 10.0.40219.1
Project("{FAE04EC0-301F-11D3-BF4B-00C04F79EFBC}") = "Puzzle8", "Puzzle8\Puzzle8.csproj", "{D6DBF9F8-148C-4E72-8B1E-3A48721E306D}"
EndProject
Global
	GlobalSection(SolutionConfigurationPlatforms) = preSolution
		Debug|Any CPU = Debug|Any CPU
		Release|Any CPU = Release|Any CPU
	EndGlobalSection
	GlobalSection(ProjectConfigurationPlatforms) = postSolution
		{D6DBF9F8-148C-4E72-8B1E-3A48721E306D}.Debug|Any CPU.ActiveCfg = Debug|Any CPU
		{D6DBF9F8-148C-4E72-8B1E-3A48721E306D}.Debug|Any CPU.Build.0 = Debug|Any CPU
		{D6DBF9F8-148C-4E72-8B1E-3A48721E306D}.Release|Any CPU.ActiveCfg = Release|Any CPU
		{D6DBF9F8-148C-4E72-8B1E-3A48721E306D}.Release|Any CPU.Build.0 = Release|Any CPU
	EndGlobalSection
	GlobalSection(SolutionProperties) = preSolution
		HideSolutionNode = FALSE
	EndGlobalSection
	GlobalSection(ExtensibilityGlobals) = postSolution
		SolutionGuid = {CE376780-A05A-4BB1-84BF-6C0B0BF211F1}
	EndGlobalSection
EndGlobal
